
Microsoft Visual Studio Solution File, Format Version 12.00
# Visual Studio Version 17
VisualStudioVersion = 17.14.36127.28
MinimumVisualStudioVersion = 10.0.40219.1
Project("{FAE04EC0-301F-11D3-BF4B-00C04F79EFBC}") = "ejercicio1", "ejercicio1\ejercicio1.csproj", "{21BDC4F8-1CEC-44DB-ABD4-36AE6344C225}"
EndProject
Project("{FAE04EC0-301F-11D3-BF4B-00C04F79EFBC}") = "ejercicio2", "ejercicio2\ejercicio2.csproj", "{097E6951-361D-4BB4-88E9-8190EAD3932E}"
EndProject
Project("{FAE04EC0-301F-11D3-BF4B-00C04F79EFBC}") = "ejercicio3", "ejercicio3\ejercicio3.csproj", "{9E1A2779-0A9D-4416-9F9C-FE9B63CD0C8D}"
EndProject
Project("{FAE04EC0-301F-11D3-BF4B-00C04F79EFBC}") = "ejercicio4", "ejercicio4\ejercicio4.csproj", "{6A1E8F3A-C04E-4F4D-BE21-745C77C114EB}"
EndProject
Project("{FAE04EC0-301F-11D3-BF4B-00C04F79EFBC}") = "ejercicio5", "ejercicio5\ejercicio5.csproj", "{1250CAFA-CFC1-45E0-B633-E124D729E9C1}"
EndProject
Project("{FAE04EC0-301F-11D3-BF4B-00C04F79EFBC}") = "ejercicio6", "ejercicio6\ejercicio6.csproj", "{C6774A80-F185-4296-9738-FB4AEAFADCAA}"
EndProject
Global
	GlobalSection(SolutionConfigurationPlatforms) = preSolution
		Debug|Any CPU = Debug|Any CPU
		Release|Any CPU = Release|Any CPU
	EndGlobalSection
	GlobalSection(ProjectConfigurationPlatforms) = postSolution
		{21BDC4F8-1CEC-44DB-ABD4-36AE6344C225}.Debug|Any CPU.ActiveCfg = Debug|Any CPU
		{21BDC4F8-1CEC-44DB-ABD4-36AE6344C225}.Debug|Any CPU.Build.0 = Debug|Any CPU
		{21BDC4F8-1CEC-44DB-ABD4-36AE6344C225}.Release|Any CPU.ActiveCfg = Release|Any CPU
		{21BDC4F8-1CEC-44DB-ABD4-36AE6344C225}.Release|Any CPU.Build.0 = Release|Any CPU
		{097E6951-361D-4BB4-88E9-8190EAD3932E}.Debug|Any CPU.ActiveCfg = Debug|Any CPU
		{097E6951-361D-4BB4-88E9-8190EAD3932E}.Debug|Any CPU.Build.0 = Debug|Any CPU
		{097E6951-361D-4BB4-88E9-8190EAD3932E}.Release|Any CPU.ActiveCfg = Release|Any CPU
		{097E6951-361D-4BB4-88E9-8190EAD3932E}.Release|Any CPU.Build.0 = Release|Any CPU
		{9E1A2779-0A9D-4416-9F9C-FE9B63CD0C8D}.Debug|Any CPU.ActiveCfg = Debug|Any CPU
		{9E1A2779-0A9D-4416-9F9C-FE9B63CD0C8D}.Debug|Any CPU.Build.0 = Debug|Any CPU
		{9E1A2779-0A9D-4416-9F9C-FE9B63CD0C8D}.Release|Any CPU.ActiveCfg = Release|Any CPU
		{9E1A2779-0A9D-4416-9F9C-FE9B63CD0C8D}.Release|Any CPU.Build.0 = Release|Any CPU
		{6A1E8F3A-C04E-4F4D-BE21-745C77C114EB}.Debug|Any CPU.ActiveCfg = Debug|Any CPU
		{6A1E8F3A-C04E-4F4D-BE21-745C77C114EB}.Debug|Any CPU.Build.0 = Debug|Any CPU
		{6A1E8F3A-C04E-4F4D-BE21-745C77C114EB}.Release|Any CPU.ActiveCfg = Release|Any CPU
		{6A1E8F3A-C04E-4F4D-BE21-745C77C114EB}.Release|Any CPU.Build.0 = Release|Any CPU
		{1250CAFA-CFC1-45E0-B633-E124D729E9C1}.Debug|Any CPU.ActiveCfg = Debug|Any CPU
		{1250CAFA-CFC1-45E0-B633-E124D729E9C1}.Debug|Any CPU.Build.0 = Debug|Any CPU
		{1250CAFA-CFC1-45E0-B633-E124D729E9C1}.Release|Any CPU.ActiveCfg = Release|Any CPU
		{1250CAFA-CFC1-45E0-B633-E124D729E9C1}.Release|Any CPU.Build.0 = Release|Any CPU
		{C6774A80-F185-4296-9738-FB4AEAFADCAA}.Debug|Any CPU.ActiveCfg = Debug|Any CPU
		{C6774A80-F185-4296-9738-FB4AEAFADCAA}.Debug|Any CPU.Build.0 = Debug|Any CPU
		{C6774A80-F185-4296-9738-FB4AEAFADCAA}.Release|Any CPU.ActiveCfg = Release|Any CPU
		{C6774A80-F185-4296-9738-FB4AEAFADCAA}.Release|Any CPU.Build.0 = Release|Any CPU
	EndGlobalSection
	GlobalSection(SolutionProperties) = preSolution
		HideSolutionNode = FALSE
	EndGlobalSection
	GlobalSection(ExtensibilityGlobals) = postSolution
		SolutionGuid = {6485BC17-1A0F-4D75-B849-CF7939032E76}
	EndGlobalSection
EndGlobal
